
Microsoft Visual Studio Solution File, Format Version 12.00
# Visual Studio Version 17
VisualStudioVersion = 17.2.32317.152
MinimumVisualStudioVersion = 10.0.40219.1
Project("{FAE04EC0-301F-11D3-BF4B-00C04F79EFBC}") = "Cadri.UI", "Cadri\Cadri.UI.csproj", "{D4193B1D-DEE8-4485-B305-9456FA206D17}"
EndProject
Project("{FAE04EC0-301F-11D3-BF4B-00C04F79EFBC}") = "Cadri.DataLayer", "Cadri.DataLayer\Cadri.DataLayer.csproj", "{5AAAA664-568B-40B8-9D34-656B194A1817}"
EndProject
Global
	GlobalSection(SolutionConfigurationPlatforms) = preSolution
		Debug|Any CPU = Debug|Any CPU
		Release|Any CPU = Release|Any CPU
	EndGlobalSection
	GlobalSection(ProjectConfigurationPlatforms) = postSolution
		{D4193B1D-DEE8-4485-B305-9456FA206D17}.Debug|Any CPU.ActiveCfg = Debug|Any CPU
		{D4193B1D-DEE8-4485-B305-9456FA206D17}.Debug|Any CPU.Build.0 = Debug|Any CPU
		{D4193B1D-DEE8-4485-B305-9456FA206D17}.Release|Any CPU.ActiveCfg = Release|Any CPU
		{D4193B1D-DEE8-4485-B305-9456FA206D17}.Release|Any CPU.Build.0 = Release|Any CPU
		{5AAAA664-568B-40B8-9D34-656B194A1817}.Debug|Any CPU.ActiveCfg = Debug|Any CPU
		{5AAAA664-568B-40B8-9D34-656B194A1817}.Debug|Any CPU.Build.0 = Debug|Any CPU
		{5AAAA664-568B-40B8-9D34-656B194A1817}.Release|Any CPU.ActiveCfg = Release|Any CPU
		{5AAAA664-568B-40B8-9D34-656B194A1817}.Release|Any CPU.Build.0 = Release|Any CPU
	EndGlobalSection
	GlobalSection(SolutionProperties) = preSolution
		HideSolutionNode = FALSE
	EndGlobalSection
	GlobalSection(ExtensibilityGlobals) = postSolution
		SolutionGuid = {270A9473-5DFF-4BA5-A2FA-CA0C876CC16D}
	EndGlobalSection
EndGlobal
